
Microsoft Visual Studio Solution File, Format Version 12.00
# Visual Studio 15
VisualStudioVersion = 15.0.27130.2010
MinimumVisualStudioVersion = 10.0.40219.1
Project("{FAE04EC0-301F-11D3-BF4B-00C04F79EFBC}") = "Calculator", "Calculator\Calculator.csproj", "{274BB5EE-E6A7-40C6-9736-284F82BE92F6}"
EndProject
Global
	GlobalSection(SolutionConfigurationPlatforms) = preSolution
		Debug|Any CPU = Debug|Any CPU
		Release|Any CPU = Release|Any CPU
	EndGlobalSection
	GlobalSection(ProjectConfigurationPlatforms) = postSolution
		{274BB5EE-E6A7-40C6-9736-284F82BE92F6}.Debug|Any CPU.ActiveCfg = Debug|Any CPU
		{274BB5EE-E6A7-40C6-9736-284F82BE92F6}.Debug|Any CPU.Build.0 = Debug|Any CPU
		{274BB5EE-E6A7-40C6-9736-284F82BE92F6}.Release|Any CPU.ActiveCfg = Release|Any CPU
		{274BB5EE-E6A7-40C6-9736-284F82BE92F6}.Release|Any CPU.Build.0 = Release|Any CPU
	EndGlobalSection
	GlobalSection(SolutionProperties) = preSolution
		HideSolutionNode = FALSE
	EndGlobalSection
	GlobalSection(ExtensibilityGlobals) = postSolution
		SolutionGuid = {6FA98B9F-9CAE-46B3-99A2-96BD71B34FE5}
	EndGlobalSection
EndGlobal
